
Microsoft Visual Studio Solution File, Format Version 12.00
Project("{FAE04EC0-301F-11D3-BF4B-00C04F79EFBC}") = "encapsulation01", "encapsulation01\encapsulation01.csproj", "{117FA098-413B-4484-8CF0-7D940278AE04}"
EndProject
Global
	GlobalSection(SolutionConfigurationPlatforms) = preSolution
		Debug|Any CPU = Debug|Any CPU
		Release|Any CPU = Release|Any CPU
	EndGlobalSection
	GlobalSection(ProjectConfigurationPlatforms) = postSolution
		{117FA098-413B-4484-8CF0-7D940278AE04}.Debug|Any CPU.ActiveCfg = Debug|Any CPU
		{117FA098-413B-4484-8CF0-7D940278AE04}.Debug|Any CPU.Build.0 = Debug|Any CPU
		{117FA098-413B-4484-8CF0-7D940278AE04}.Release|Any CPU.ActiveCfg = Release|Any CPU
		{117FA098-413B-4484-8CF0-7D940278AE04}.Release|Any CPU.Build.0 = Release|Any CPU
	EndGlobalSection
EndGlobal
